PODS:
  - BCore (0.1.0)
  - Nimble (8.0.9)
  - Quick (2.2.1)

DEPENDENCIES:
  - BCore (from `../`)
  - Nimble (~> 8.0.7)
  - Quick (~> 2.2.0)

SPEC REPOS:
  trunk:
    - Nimble
    - Quick

EXTERNAL SOURCES:
  BCore:
    :path: "../"

SPEC CHECKSUMS:
  BCore: eb80a0ef4659a0eb542792683a6f1864b60e62a4
  Nimble: 98b888285a615fd34f20e61753cf58ea1402bde4
  Quick: f5754d69b7013f5864c29aab9ae6f0c79c5bc200

PODFILE CHECKSUM: 3398443b2179da590cabcbe46f54899e36624075

COCOAPODS: 1.10.0
